// !$*UTF8*$!
{
	archiveVersion = 1;
	classes = {
	};
	objectVersion = 45;
	objects = {

/* Begin PBXBuildFile section */
		2AA242411CAD882600AEB6E4 /* mkvmuxer.cc in Sources */ = {isa = PBXBuildFile; fileRef = 2AA242351CAD882600AEB6E4 /* mkvmuxer.cc */; };
		2AA242421CAD882600AEB6E4 /* mkvmuxer.h in Headers */ = {isa = PBXBuildFile; fileRef = 2AA242361CAD882600AEB6E4 /* mkvmuxer.h */; };
		2AA242431CAD882600AEB6E4 /* mkvmuxertypes.h in Headers */ = {isa = PBXBuildFile; fileRef = 2AA242371CAD882600AEB6E4 /* mkvmuxertypes.h */; };
		2AA242441CAD882600AEB6E4 /* mkvmuxerutil.cc in Sources */ = {isa = PBXBuildFile; fileRef = 2AA242381CAD882600AEB6E4 /* mkvmuxerutil.cc */; };
		2AA242451CAD882600AEB6E4 /* mkvmuxerutil.h in Headers */ = {isa = PBXBuildFile; fileRef = 2AA242391CAD882600AEB6E4 /* mkvmuxerutil.h */; };
		2AA242461CAD882600AEB6E4 /* mkvwriter.cc in Sources */ = {isa = PBXBuildFile; fileRef = 2AA2423A1CAD882600AEB6E4 /* mkvwriter.cc */; };
		2AA242471CAD882600AEB6E4 /* mkvwriter.h in Headers */ = {isa = PBXBuildFile; fileRef = 2AA2423B1CAD882600AEB6E4 /* mkvwriter.h */; };
		2AA242481CAD882600AEB6E4 /* mkvparser.cc in Sources */ = {isa = PBXBuildFile; fileRef = 2AA2423D1CAD882600AEB6E4 /* mkvparser.cc */; };
		2AA242491CAD882600AEB6E4 /* mkvparser.h in Headers */ = {isa = PBXBuildFile; fileRef = 2AA2423E1CAD882600AEB6E4 /* mkvparser.h */; };
		2AA2424A1CAD882600AEB6E4 /* mkvreader.cc in Sources */ = {isa = PBXBuildFile; fileRef = 2AA2423F1CAD882600AEB6E4 /* mkvreader.cc */; };
		2AA2424B1CAD882600AEB6E4 /* mkvreader.h in Headers */ = {isa = PBXBuildFile; fileRef = 2AA242401CAD882600AEB6E4 /* mkvreader.h */; };
/* End PBXBuildFile section */

/* Begin PBXFileReference section */
		2AA242351CAD882600AEB6E4 /* mkvmuxer.cc */ = {isa = PBXFileReference; fileEncoding = 4; lastKnownFileType = sourcecode.cpp.cpp; path = mkvmuxer.cc; sourceTree = "<group>"; };
		2AA242361CAD882600AEB6E4 /* mkvmuxer.h */ = {isa = PBXFileReference; fileEncoding = 4; lastKnownFileType = sourcecode.c.h; path = mkvmuxer.h; sourceTree = "<group>"; };
		2AA242371CAD882600AEB6E4 /* mkvmuxertypes.h */ = {isa = PBXFileReference; fileEncoding = 4; lastKnownFileType = sourcecode.c.h; path = mkvmuxertypes.h; sourceTree = "<group>"; };
		2AA242381CAD882600AEB6E4 /* mkvmuxerutil.cc */ = {isa = PBXFileReference; fileEncoding = 4; lastKnownFileType = sourcecode.cpp.cpp; path = mkvmuxerutil.cc; sourceTree = "<group>"; };
		2AA242391CAD882600AEB6E4 /* mkvmuxerutil.h */ = {isa = PBXFileReference; fileEncoding = 4; lastKnownFileType = sourcecode.c.h; path = mkvmuxerutil.h; sourceTree = "<group>"; };
		2AA2423A1CAD882600AEB6E4 /* mkvwriter.cc */ = {isa = PBXFileReference; fileEncoding = 4; lastKnownFileType = sourcecode.cpp.cpp; path = mkvwriter.cc; sourceTree = "<group>"; };
		2AA2423B1CAD882600AEB6E4 /* mkvwriter.h */ = {isa = PBXFileReference; fileEncoding = 4; lastKnownFileType = sourcecode.c.h; path = mkvwriter.h; sourceTree = "<group>"; };
		2AA2423D1CAD882600AEB6E4 /* mkvparser.cc */ = {isa = PBXFileReference; fileEncoding = 4; lastKnownFileType = sourcecode.cpp.cpp; path = mkvparser.cc; sourceTree = "<group>"; };
		2AA2423E1CAD882600AEB6E4 /* mkvparser.h */ = {isa = PBXFileReference; fileEncoding = 4; lastKnownFileType = sourcecode.c.h; path = mkvparser.h; sourceTree = "<group>"; };
		2AA2423F1CAD882600AEB6E4 /* mkvreader.cc */ = {isa = PBXFileReference; fileEncoding = 4; lastKnownFileType = sourcecode.cpp.cpp; path = mkvreader.cc; sourceTree = "<group>"; };
		2AA242401CAD882600AEB6E4 /* mkvreader.h */ = {isa = PBXFileReference; fileEncoding = 4; lastKnownFileType = sourcecode.c.h; path = mkvreader.h; sourceTree = "<group>"; };
		D2AAC046055464E500DB518D /* libwebm.a */ = {isa = PBXFileReference; explicitFileType = archive.ar; includeInIndex = 0; path = libwebm.a; sourceTree = BUILT_PRODUCTS_DIR; };
/* End PBXFileReference section */

/* Begin PBXFrameworksBuildPhase section */
		D289987405E68DCB004EDB86 /* Frameworks */ = {
			isa = PBXFrameworksBuildPhase;
			buildActionMask = 2147483647;
			files = (
			);
			runOnlyForDeploymentPostprocessing = 0;
		};
/* End PBXFrameworksBuildPhase section */

/* Begin PBXGroup section */
		08FB7794FE84155DC02AAC07 /* libwebm */ = {
			isa = PBXGroup;
			children = (
				2A8685B11777D62000055B0D /* libwebm */,
				1AB674ADFE9D54B511CA2CBB /* Products */,
			);
			name = libwebm;
			sourceTree = "<group>";
		};
		1AB674ADFE9D54B511CA2CBB /* Products */ = {
			isa = PBXGroup;
			children = (
				D2AAC046055464E500DB518D /* libwebm.a */,
			);
			name = Products;
			sourceTree = "<group>";
		};
		2A8685B11777D62000055B0D /* libwebm */ = {
			isa = PBXGroup;
			children = (
				2AA242341CAD882600AEB6E4 /* mkvmuxer */,
				2AA2423C1CAD882600AEB6E4 /* mkvparser */,
			);
			name = libwebm;
			path = ../../../ext/libwebm;
			sourceTree = SOURCE_ROOT;
		};
		2AA242341CAD882600AEB6E4 /* mkvmuxer */ = {
			isa = PBXGroup;
			children = (
				2AA242351CAD882600AEB6E4 /* mkvmuxer.cc */,
				2AA242361CAD882600AEB6E4 /* mkvmuxer.h */,
				2AA242371CAD882600AEB6E4 /* mkvmuxertypes.h */,
				2AA242381CAD882600AEB6E4 /* mkvmuxerutil.cc */,
				2AA242391CAD882600AEB6E4 /* mkvmuxerutil.h */,
				2AA2423A1CAD882600AEB6E4 /* mkvwriter.cc */,
				2AA2423B1CAD882600AEB6E4 /* mkvwriter.h */,
			);
			path = mkvmuxer;
			sourceTree = "<group>";
		};
		2AA2423C1CAD882600AEB6E4 /* mkvparser */ = {
			isa = PBXGroup;
			children = (
				2AA2423D1CAD882600AEB6E4 /* mkvparser.cc */,
				2AA2423E1CAD882600AEB6E4 /* mkvparser.h */,
				2AA2423F1CAD882600AEB6E4 /* mkvreader.cc */,
				2AA242401CAD882600AEB6E4 /* mkvreader.h */,
			);
			path = mkvparser;
			sourceTree = "<group>";
		};
/* End PBXGroup section */

/* Begin PBXHeadersBuildPhase section */
		D2AAC043055464E500DB518D /* Headers */ = {
			isa = PBXHeadersBuildPhase;
			buildActionMask = 2147483647;
			files = (
				2AA242421CAD882600AEB6E4 /* mkvmuxer.h in Headers */,
				2AA242431CAD882600AEB6E4 /* mkvmuxertypes.h in Headers */,
				2AA242451CAD882600AEB6E4 /* mkvmuxerutil.h in Headers */,
				2AA242471CAD882600AEB6E4 /* mkvwriter.h in Headers */,
				2AA242491CAD882600AEB6E4 /* mkvparser.h in Headers */,
				2AA2424B1CAD882600AEB6E4 /* mkvreader.h in Headers */,
			);
			runOnlyForDeploymentPostprocessing = 0;
		};
/* End PBXHeadersBuildPhase section */

/* Begin PBXNativeTarget section */
		D2AAC045055464E500DB518D /* libwebm */ = {
			isa = PBXNativeTarget;
			buildConfigurationList = 1DEB91EB08733DB70010E9CD /* Build configuration list for PBXNativeTarget "libwebm" */;
			buildPhases = (
				D2AAC043055464E500DB518D /* Headers */,
				D2AAC044055464E500DB518D /* Sources */,
				D289987405E68DCB004EDB86 /* Frameworks */,
			);
			buildRules = (
			);
			dependencies = (
			);
			name = libwebm;
			productName = libwebm;
			productReference = D2AAC046055464E500DB518D /* libwebm.a */;
			productType = "com.apple.product-type.library.static";
		};
/* End PBXNativeTarget section */

/* Begin PBXProject section */
		08FB7793FE84155DC02AAC07 /* Project object */ = {
			isa = PBXProject;
			buildConfigurationList = 1DEB91EF08733DB70010E9CD /* Build configuration list for PBXProject "libwebm" */;
			compatibilityVersion = "Xcode 3.1";
			developmentRegion = English;
			hasScannedForEncodings = 1;
			knownRegions = (
				English,
				Japanese,
				French,
				German,
			);
			mainGroup = 08FB7794FE84155DC02AAC07 /* libwebm */;
			projectDirPath = "";
			projectRoot = "";
			targets = (
				D2AAC045055464E500DB518D /* libwebm */,
			);
		};
/* End PBXProject section */

/* Begin PBXSourcesBuildPhase section */
		D2AAC044055464E500DB518D /* Sources */ = {
			isa = PBXSourcesBuildPhase;
			buildActionMask = 2147483647;
			files = (
				2AA242411CAD882600AEB6E4 /* mkvmuxer.cc in Sources */,
				2AA242441CAD882600AEB6E4 /* mkvmuxerutil.cc in Sources */,
				2AA242461CAD882600AEB6E4 /* mkvwriter.cc in Sources */,
				2AA242481CAD882600AEB6E4 /* mkvparser.cc in Sources */,
				2AA2424A1CAD882600AEB6E4 /* mkvreader.cc in Sources */,
			);
			runOnlyForDeploymentPostprocessing = 0;
		};
/* End PBXSourcesBuildPhase section */

/* Begin XCBuildConfiguration section */
		1DEB91EC08733DB70010E9CD /* Debug */ = {
			isa = XCBuildConfiguration;
			buildSettings = {
				ALWAYS_SEARCH_USER_PATHS = NO;
				COPY_PHASE_STRIP = NO;
				GCC_DYNAMIC_NO_PIC = NO;
				GCC_ENABLE_FIX_AND_CONTINUE = YES;
				GCC_MODEL_TUNING = G5;
				GCC_OPTIMIZATION_LEVEL = 0;
				INSTALL_PATH = /usr/local/lib;
				PRODUCT_NAME = webm;
			};
			name = Debug;
		};
		1DEB91ED08733DB70010E9CD /* Release */ = {
			isa = XCBuildConfiguration;
			buildSettings = {
				ALWAYS_SEARCH_USER_PATHS = NO;
				DEBUG_INFORMATION_FORMAT = "dwarf-with-dsym";
				GCC_MODEL_TUNING = G5;
				INSTALL_PATH = /usr/local/lib;
				PRODUCT_NAME = webm;
			};
			name = Release;
		};
		1DEB91F008733DB70010E9CD /* Debug */ = {
			isa = XCBuildConfiguration;
			buildSettings = {
				ARCHS = "$(ARCHS_STANDARD_32_64_BIT)";
				GCC_C_LANGUAGE_STANDARD = gnu99;
				GCC_OPTIMIZATION_LEVEL = 0;
				GCC_WARN_ABOUT_RETURN_TYPE = YES;
				GCC_WARN_UNUSED_VARIABLE = YES;
				HEADER_SEARCH_PATHS = ../../../ext/libwebm;
				ONLY_ACTIVE_ARCH = YES;
				PREBINDING = NO;
				SDKROOT = macosx10.6;
			};
			name = Debug;
		};
		1DEB91F108733DB70010E9CD /* Release */ = {
			isa = XCBuildConfiguration;
			buildSettings = {
				ARCHS = "$(ARCHS_STANDARD_32_64_BIT)";
				GCC_C_LANGUAGE_STANDARD = gnu99;
				GCC_WARN_ABOUT_RETURN_TYPE = YES;
				GCC_WARN_UNUSED_VARIABLE = YES;
				HEADER_SEARCH_PATHS = ../../../ext/libwebm;
				PREBINDING = NO;
				SDKROOT = macosx10.6;
			};
			name = Release;
		};
/* End XCBuildConfiguration section */

/* Begin XCConfigurationList section */
		1DEB91EB08733DB70010E9CD /* Build configuration list for PBXNativeTarget "libwebm" */ = {
			isa = XCConfigurationList;
			buildConfigurations = (
				1DEB91EC08733DB70010E9CD /* Debug */,
				1DEB91ED08733DB70010E9CD /* Release */,
			);
			defaultConfigurationIsVisible = 0;
			defaultConfigurationName = Release;
		};
		1DEB91EF08733DB70010E9CD /* Build configuration list for PBXProject "libwebm" */ = {
			isa = XCConfigurationList;
			buildConfigurations = (
				1DEB91F008733DB70010E9CD /* Debug */,
				1DEB91F108733DB70010E9CD /* Release */,
			);
			defaultConfigurationIsVisible = 0;
			defaultConfigurationName = Release;
		};
/* End XCConfigurationList section */
	};
	rootObject = 08FB7793FE84155DC02AAC07 /* Project object */;
}
