// !$*UTF8*$!
{
	archiveVersion = 1;
	classes = {
	};
	objectVersion = 42;
	objects = {

/* Begin PBXBuildFile section */
		11C3E5200A9AA968003197F4 /* WebM_Premiere_Import_PiPL.r in Rez */ = {isa = PBXBuildFile; fileRef = 11C3E51F0A9AA968003197F4 /* WebM_Premiere_Import_PiPL.r */; };
		2A06EF73177D75F100233616 /* WebM_Premiere_Export_Params.cpp in Sources */ = {isa = PBXBuildFile; fileRef = 2A06EF72177D75F100233616 /* WebM_Premiere_Export_Params.cpp */; };
		2A0C91431C2A0053006F4675 /* liblibvp10.a in Frameworks */ = {isa = PBXBuildFile; fileRef = 2A0C911B1C29FEB8006F4675 /* liblibvp10.a */; };
		2A55332F176ADB4D00BE5A72 /* libogg.a in Frameworks */ = {isa = PBXBuildFile; fileRef = 2A553326176ADB3E00BE5A72 /* libogg.a */; };
		2A553330176ADB4E00BE5A72 /* libvorbis.a in Frameworks */ = {isa = PBXBuildFile; fileRef = 2A55332E176ADB4800BE5A72 /* libvorbis.a */; };
		2A553331176ADB4E00BE5A72 /* libvpx.a in Frameworks */ = {isa = PBXBuildFile; fileRef = 2A55331E176ADB3300BE5A72 /* libvpx.a */; };
		2A58AED9176CF23F00669435 /* WebM_Premiere_Export.cpp in Sources */ = {isa = PBXBuildFile; fileRef = 2A58AED4176CF23F00669435 /* WebM_Premiere_Export.cpp */; };
		2A58AEDA176CF23F00669435 /* WebM_Premiere_Import.cpp in Sources */ = {isa = PBXBuildFile; fileRef = 2A58AED6176CF23F00669435 /* WebM_Premiere_Import.cpp */; };
		2A6E91F717796859003B0F87 /* libwebm.a in Frameworks */ = {isa = PBXBuildFile; fileRef = 2A6E91F417796854003B0F87 /* libwebm.a */; };
		2A8BBBC8187BD305004EC034 /* libopus.a in Frameworks */ = {isa = PBXBuildFile; fileRef = 2A8BBBC5187BD302004EC034 /* libopus.a */; };
		8D01CCCA0486CAD60068D4B7 /* InfoPlist.strings in Resources */ = {isa = PBXBuildFile; fileRef = 089C167DFE841241C02AAC07 /* InfoPlist.strings */; };
		8D01CCCE0486CAD60068D4B7 /* Carbon.framework in Frameworks */ = {isa = PBXBuildFile; fileRef = 08EA7FFBFE8413EDC02AAC07 /* Carbon.framework */; };
/* End PBXBuildFile section */

/* Begin PBXContainerItemProxy section */
		2A0C911A1C29FEB8006F4675 /* PBXContainerItemProxy */ = {
			isa = PBXContainerItemProxy;
			containerPortal = 2A550EF317681CDB00BE5A72 /* libvpx.xcodeproj */;
			proxyType = 2;
			remoteGlobalIDString = 2A0C8F9C1C29FE99006F4675 /* liblibvp10.a */;
			remoteInfo = libvp10;
		};
		2A0C91441C2A005C006F4675 /* PBXContainerItemProxy */ = {
			isa = PBXContainerItemProxy;
			containerPortal = 2A550EF317681CDB00BE5A72 /* libvpx.xcodeproj */;
			proxyType = 1;
			remoteGlobalIDString = 2A0C8F9B1C29FE99006F4675 /* libvp10 */;
			remoteInfo = libvp10;
		};
		2A55331D176ADB3300BE5A72 /* PBXContainerItemProxy */ = {
			isa = PBXContainerItemProxy;
			containerPortal = 2A550EF317681CDB00BE5A72 /* libvpx.xcodeproj */;
			proxyType = 2;
			remoteGlobalIDString = D2AAC046055464E500DB518D;
			remoteInfo = libvpx;
		};
		2A553325176ADB3E00BE5A72 /* PBXContainerItemProxy */ = {
			isa = PBXContainerItemProxy;
			containerPortal = 2A55321D176AA87700BE5A72 /* libogg.xcodeproj */;
			proxyType = 2;
			remoteGlobalIDString = D2AAC046055464E500DB518D;
			remoteInfo = libogg;
		};
		2A55332D176ADB4800BE5A72 /* PBXContainerItemProxy */ = {
			isa = PBXContainerItemProxy;
			containerPortal = 2A553220176AA87700BE5A72 /* libvorbis.xcodeproj */;
			proxyType = 2;
			remoteGlobalIDString = D2AAC046055464E500DB518D;
			remoteInfo = libvorbis;
		};
		2A553332176ADB5600BE5A72 /* PBXContainerItemProxy */ = {
			isa = PBXContainerItemProxy;
			containerPortal = 2A553220176AA87700BE5A72 /* libvorbis.xcodeproj */;
			proxyType = 1;
			remoteGlobalIDString = D2AAC045055464E500DB518D;
			remoteInfo = libvorbis;
		};
		2A553334176ADB5600BE5A72 /* PBXContainerItemProxy */ = {
			isa = PBXContainerItemProxy;
			containerPortal = 2A550EF317681CDB00BE5A72 /* libvpx.xcodeproj */;
			proxyType = 1;
			remoteGlobalIDString = D2AAC045055464E500DB518D;
			remoteInfo = libvpx;
		};
		2A553336176ADB5600BE5A72 /* PBXContainerItemProxy */ = {
			isa = PBXContainerItemProxy;
			containerPortal = 2A55321D176AA87700BE5A72 /* libogg.xcodeproj */;
			proxyType = 1;
			remoteGlobalIDString = D2AAC045055464E500DB518D;
			remoteInfo = libogg;
		};
		2A6E91F317796854003B0F87 /* PBXContainerItemProxy */ = {
			isa = PBXContainerItemProxy;
			containerPortal = 2A6E91E817796854003B0F87 /* libwebm.xcodeproj */;
			proxyType = 2;
			remoteGlobalIDString = D2AAC046055464E500DB518D;
			remoteInfo = libwebm;
		};
		2A6E91F817796863003B0F87 /* PBXContainerItemProxy */ = {
			isa = PBXContainerItemProxy;
			containerPortal = 2A6E91E817796854003B0F87 /* libwebm.xcodeproj */;
			proxyType = 1;
			remoteGlobalIDString = D2AAC045055464E500DB518D;
			remoteInfo = libwebm;
		};
		2A8BBBC4187BD302004EC034 /* PBXContainerItemProxy */ = {
			isa = PBXContainerItemProxy;
			containerPortal = 2A8BBBBD187BD302004EC034 /* opus.xcodeproj */;
			proxyType = 2;
			remoteGlobalIDString = D2AAC046055464E500DB518D;
			remoteInfo = opus;
		};
		2A8BBBC9187BD312004EC034 /* PBXContainerItemProxy */ = {
			isa = PBXContainerItemProxy;
			containerPortal = 2A8BBBBD187BD302004EC034 /* opus.xcodeproj */;
			proxyType = 1;
			remoteGlobalIDString = D2AAC045055464E500DB518D;
			remoteInfo = opus;
		};
/* End PBXContainerItemProxy section */

/* Begin PBXCopyFilesBuildPhase section */
		2AA15024150A9E9B00F47008 /* CopyFiles */ = {
			isa = PBXCopyFilesBuildPhase;
			buildActionMask = 2147483647;
			dstPath = "";
			dstSubfolderSpec = 12;
			files = (
			);
			runOnlyForDeploymentPostprocessing = 0;
		};
/* End PBXCopyFilesBuildPhase section */

/* Begin PBXFileReference section */
		089C167EFE841241C02AAC07 /* English */ = {isa = PBXFileReference; fileEncoding = 10; lastKnownFileType = text.plist.strings; name = English; path = English.lproj/InfoPlist.strings; sourceTree = "<group>"; };
		08EA7FFBFE8413EDC02AAC07 /* Carbon.framework */ = {isa = PBXFileReference; lastKnownFileType = wrapper.framework; name = Carbon.framework; path = /System/Library/Frameworks/Carbon.framework; sourceTree = "<absolute>"; };
		112C3FBA0A8828B9001FFCCB /* PrSDKImport.h */ = {isa = PBXFileReference; fileEncoding = 30; lastKnownFileType = sourcecode.c.h; name = PrSDKImport.h; path = "../../ext/Premiere Pro CS5 Mac SDK/Examples/Headers/PrSDKImport.h"; sourceTree = SOURCE_ROOT; };
		112C3FBB0A8828B9001FFCCB /* SPBasic.h */ = {isa = PBXFileReference; fileEncoding = 30; lastKnownFileType = sourcecode.c.h; name = SPBasic.h; path = "../../ext/Premiere Pro CS5 Mac SDK/Examples/Headers/SPBasic.h"; sourceTree = SOURCE_ROOT; };
		112C3FC20A8828F9001FFCCB /* PrSDKStructs.h */ = {isa = PBXFileReference; fileEncoding = 30; lastKnownFileType = sourcecode.c.h; name = PrSDKStructs.h; path = "../../ext/Premiere Pro CS5 Mac SDK/Examples/Headers/PrSDKStructs.h"; sourceTree = SOURCE_ROOT; };
		112C3FC60A88292D001FFCCB /* PrSDKPPixCreatorSuite.h */ = {isa = PBXFileReference; fileEncoding = 30; lastKnownFileType = sourcecode.c.h; name = PrSDKPPixCreatorSuite.h; path = "../../ext/Premiere Pro CS5 Mac SDK/Examples/Headers/PrSDKPPixCreatorSuite.h"; sourceTree = SOURCE_ROOT; };
		112C3FCA0A882955001FFCCB /* PrSDKPPixCacheSuite.h */ = {isa = PBXFileReference; fileEncoding = 30; lastKnownFileType = sourcecode.c.h; name = PrSDKPPixCacheSuite.h; path = "../../ext/Premiere Pro CS5 Mac SDK/Examples/Headers/PrSDKPPixCacheSuite.h"; sourceTree = SOURCE_ROOT; };
		1157612B0AD5C4A200B6DA40 /* WebM Premiere.bundle */ = {isa = PBXFileReference; explicitFileType = wrapper.cfbundle; includeInIndex = 0; path = "WebM Premiere.bundle"; sourceTree = BUILT_PRODUCTS_DIR; };
		11C3E51F0A9AA968003197F4 /* WebM_Premiere_Import_PiPL.r */ = {isa = PBXFileReference; fileEncoding = 30; lastKnownFileType = sourcecode.rez; name = WebM_Premiere_Import_PiPL.r; path = ../../src/premiere/WebM_Premiere_Import_PiPL.r; sourceTree = SOURCE_ROOT; };
		11D512BB0B1E7F490085D80B /* PrSDKTypes.h */ = {isa = PBXFileReference; fileEncoding = 30; lastKnownFileType = sourcecode.c.h; name = PrSDKTypes.h; path = "../../ext/Premiere Pro CS5 Mac SDK/Examples/Headers/PrSDKTypes.h"; sourceTree = SOURCE_ROOT; };
		2A06EF71177D75F100233616 /* WebM_Premiere_Export_Params.h */ = {isa = PBXFileReference; fileEncoding = 4; lastKnownFileType = sourcecode.c.h; path = WebM_Premiere_Export_Params.h; sourceTree = "<group>"; };
		2A06EF72177D75F100233616 /* WebM_Premiere_Export_Params.cpp */ = {isa = PBXFileReference; fileEncoding = 4; lastKnownFileType = sourcecode.cpp.cpp; path = WebM_Premiere_Export_Params.cpp; sourceTree = "<group>"; };
		2A550EF317681CDB00BE5A72 /* libvpx.xcodeproj */ = {isa = PBXFileReference; lastKnownFileType = "wrapper.pb-project"; name = libvpx.xcodeproj; path = ext/libvpx.xcodeproj; sourceTree = "<group>"; };
		2A55321D176AA87700BE5A72 /* libogg.xcodeproj */ = {isa = PBXFileReference; lastKnownFileType = "wrapper.pb-project"; name = libogg.xcodeproj; path = ext/libogg.xcodeproj; sourceTree = "<group>"; };
		2A553220176AA87700BE5A72 /* libvorbis.xcodeproj */ = {isa = PBXFileReference; lastKnownFileType = "wrapper.pb-project"; name = libvorbis.xcodeproj; path = ext/libvorbis.xcodeproj; sourceTree = "<group>"; };
		2A58AED4176CF23F00669435 /* WebM_Premiere_Export.cpp */ = {isa = PBXFileReference; fileEncoding = 4; lastKnownFileType = sourcecode.cpp.cpp; path = WebM_Premiere_Export.cpp; sourceTree = "<group>"; };
		2A58AED5176CF23F00669435 /* WebM_Premiere_Export.h */ = {isa = PBXFileReference; fileEncoding = 4; lastKnownFileType = sourcecode.c.h; path = WebM_Premiere_Export.h; sourceTree = "<group>"; };
		2A58AED6176CF23F00669435 /* WebM_Premiere_Import.cpp */ = {isa = PBXFileReference; fileEncoding = 4; lastKnownFileType = sourcecode.cpp.cpp; path = WebM_Premiere_Import.cpp; sourceTree = "<group>"; };
		2A58AED7176CF23F00669435 /* WebM_Premiere_Import.h */ = {isa = PBXFileReference; fileEncoding = 4; lastKnownFileType = sourcecode.c.h; path = WebM_Premiere_Import.h; sourceTree = "<group>"; };
		2A6E91E817796854003B0F87 /* libwebm.xcodeproj */ = {isa = PBXFileReference; lastKnownFileType = "wrapper.pb-project"; name = libwebm.xcodeproj; path = ext/libwebm.xcodeproj; sourceTree = "<group>"; };
		2A8BBBBD187BD302004EC034 /* opus.xcodeproj */ = {isa = PBXFileReference; lastKnownFileType = "wrapper.pb-project"; name = opus.xcodeproj; path = ext/opus.xcodeproj; sourceTree = "<group>"; };
		8D01CCD10486CAD60068D4B7 /* WebM_Premiere_Info.plist */ = {isa = PBXFileReference; fileEncoding = 4; lastKnownFileType = text.plist.xml; path = WebM_Premiere_Info.plist; sourceTree = "<group>"; };
/* End PBXFileReference section */

/* Begin PBXFrameworksBuildPhase section */
		8D01CCCD0486CAD60068D4B7 /* Frameworks */ = {
			isa = PBXFrameworksBuildPhase;
			buildActionMask = 2147483647;
			files = (
				8D01CCCE0486CAD60068D4B7 /* Carbon.framework in Frameworks */,
				2A55332F176ADB4D00BE5A72 /* libogg.a in Frameworks */,
				2A553330176ADB4E00BE5A72 /* libvorbis.a in Frameworks */,
				2A553331176ADB4E00BE5A72 /* libvpx.a in Frameworks */,
				2A6E91F717796859003B0F87 /* libwebm.a in Frameworks */,
				2A8BBBC8187BD305004EC034 /* libopus.a in Frameworks */,
				2A0C91431C2A0053006F4675 /* liblibvp10.a in Frameworks */,
			);
			runOnlyForDeploymentPostprocessing = 0;
		};
/* End PBXFrameworksBuildPhase section */

/* Begin PBXGroup section */
		089C166AFE841209C02AAC07 /* SDK_File_Import */ = {
			isa = PBXGroup;
			children = (
				2A58AED3176CF23F00669435 /* premiere */,
				089C167CFE841241C02AAC07 /* Resources */,
				2A6E91E817796854003B0F87 /* libwebm.xcodeproj */,
				2A550EF317681CDB00BE5A72 /* libvpx.xcodeproj */,
				2A55321D176AA87700BE5A72 /* libogg.xcodeproj */,
				2A553220176AA87700BE5A72 /* libvorbis.xcodeproj */,
				2A8BBBBD187BD302004EC034 /* opus.xcodeproj */,
				089C1671FE841209C02AAC07 /* External Frameworks and Libraries */,
				19C28FB4FE9D528D11CA2CBB /* Products */,
			);
			name = SDK_File_Import;
			sourceTree = "<group>";
		};
		089C1671FE841209C02AAC07 /* External Frameworks and Libraries */ = {
			isa = PBXGroup;
			children = (
				112C3FBA0A8828B9001FFCCB /* PrSDKImport.h */,
				112C3FCA0A882955001FFCCB /* PrSDKPPixCacheSuite.h */,
				112C3FC60A88292D001FFCCB /* PrSDKPPixCreatorSuite.h */,
				112C3FC20A8828F9001FFCCB /* PrSDKStructs.h */,
				11D512BB0B1E7F490085D80B /* PrSDKTypes.h */,
				112C3FBB0A8828B9001FFCCB /* SPBasic.h */,
				08EA7FFBFE8413EDC02AAC07 /* Carbon.framework */,
			);
			name = "External Frameworks and Libraries";
			sourceTree = "<group>";
		};
		089C167CFE841241C02AAC07 /* Resources */ = {
			isa = PBXGroup;
			children = (
				11C3E51F0A9AA968003197F4 /* WebM_Premiere_Import_PiPL.r */,
				8D01CCD10486CAD60068D4B7 /* WebM_Premiere_Info.plist */,
				089C167DFE841241C02AAC07 /* InfoPlist.strings */,
			);
			name = Resources;
			sourceTree = "<group>";
		};
		19C28FB4FE9D528D11CA2CBB /* Products */ = {
			isa = PBXGroup;
			children = (
				1157612B0AD5C4A200B6DA40 /* WebM Premiere.bundle */,
			);
			name = Products;
			sourceTree = "<group>";
		};
		2A55331A176ADB3300BE5A72 /* Products */ = {
			isa = PBXGroup;
			children = (
				2A55331E176ADB3300BE5A72 /* libvpx.a */,
				2A0C911B1C29FEB8006F4675 /* liblibvp10.a */,
			);
			name = Products;
			sourceTree = "<group>";
		};
		2A553322176ADB3E00BE5A72 /* Products */ = {
			isa = PBXGroup;
			children = (
				2A553326176ADB3E00BE5A72 /* libogg.a */,
			);
			name = Products;
			sourceTree = "<group>";
		};
		2A55332A176ADB4800BE5A72 /* Products */ = {
			isa = PBXGroup;
			children = (
				2A55332E176ADB4800BE5A72 /* libvorbis.a */,
			);
			name = Products;
			sourceTree = "<group>";
		};
		2A58AED3176CF23F00669435 /* premiere */ = {
			isa = PBXGroup;
			children = (
				2A58AED7176CF23F00669435 /* WebM_Premiere_Import.h */,
				2A58AED6176CF23F00669435 /* WebM_Premiere_Import.cpp */,
				2A58AED5176CF23F00669435 /* WebM_Premiere_Export.h */,
				2A58AED4176CF23F00669435 /* WebM_Premiere_Export.cpp */,
				2A06EF71177D75F100233616 /* WebM_Premiere_Export_Params.h */,
				2A06EF72177D75F100233616 /* WebM_Premiere_Export_Params.cpp */,
			);
			name = premiere;
			path = ../../src/premiere;
			sourceTree = SOURCE_ROOT;
		};
		2A6E91E917796854003B0F87 /* Products */ = {
			isa = PBXGroup;
			children = (
				2A6E91F417796854003B0F87 /* libwebm.a */,
			);
			name = Products;
			sourceTree = "<group>";
		};
		2A8BBBBE187BD302004EC034 /* Products */ = {
			isa = PBXGroup;
			children = (
				2A8BBBC5187BD302004EC034 /* libopus.a */,
			);
			name = Products;
			sourceTree = "<group>";
		};
/* End PBXGroup section */

/* Begin PBXNativeTarget section */
		8D01CCC60486CAD60068D4B7 /* WebM Premiere */ = {
			isa = PBXNativeTarget;
			buildConfigurationList = 4FADC23308B4156C00ABE55E /* Build configuration list for PBXNativeTarget "WebM Premiere" */;
			buildPhases = (
				8D01CCC90486CAD60068D4B7 /* Resources */,
				8D01CCCB0486CAD60068D4B7 /* Sources */,
				8D01CCCD0486CAD60068D4B7 /* Frameworks */,
				11C3E51D0A9AA957003197F4 /* Rez */,
				2AA15024150A9E9B00F47008 /* CopyFiles */,
			);
			buildRules = (
			);
			dependencies = (
				2A553333176ADB5600BE5A72 /* PBXTargetDependency */,
				2A553335176ADB5600BE5A72 /* PBXTargetDependency */,
				2A553337176ADB5600BE5A72 /* PBXTargetDependency */,
				2A6E91F917796863003B0F87 /* PBXTargetDependency */,
				2A8BBBCA187BD312004EC034 /* PBXTargetDependency */,
				2A0C91451C2A005C006F4675 /* PBXTargetDependency */,
			);
			name = "WebM Premiere";
			productInstallPath = "$(HOME)/Library/Bundles";
			productName = SDK_File_Import;
			productReference = 1157612B0AD5C4A200B6DA40 /* WebM Premiere.bundle */;
			productType = "com.apple.product-type.bundle";
		};
/* End PBXNativeTarget section */

/* Begin PBXProject section */
		089C1669FE841209C02AAC07 /* Project object */ = {
			isa = PBXProject;
			buildConfigurationList = 4FADC23708B4156C00ABE55E /* Build configuration list for PBXProject "WebM_Premiere" */;
			compatibilityVersion = "Xcode 2.4";
			developmentRegion = English;
			hasScannedForEncodings = 1;
			knownRegions = (
				English,
				Japanese,
				French,
				German,
			);
			mainGroup = 089C166AFE841209C02AAC07 /* SDK_File_Import */;
			projectDirPath = "";
			projectReferences = (
				{
					ProductGroup = 2A553322176ADB3E00BE5A72 /* Products */;
					ProjectRef = 2A55321D176AA87700BE5A72 /* libogg.xcodeproj */;
				},
				{
					ProductGroup = 2A55332A176ADB4800BE5A72 /* Products */;
					ProjectRef = 2A553220176AA87700BE5A72 /* libvorbis.xcodeproj */;
				},
				{
					ProductGroup = 2A55331A176ADB3300BE5A72 /* Products */;
					ProjectRef = 2A550EF317681CDB00BE5A72 /* libvpx.xcodeproj */;
				},
				{
					ProductGroup = 2A6E91E917796854003B0F87 /* Products */;
					ProjectRef = 2A6E91E817796854003B0F87 /* libwebm.xcodeproj */;
				},
				{
					ProductGroup = 2A8BBBBE187BD302004EC034 /* Products */;
					ProjectRef = 2A8BBBBD187BD302004EC034 /* opus.xcodeproj */;
				},
			);
			projectRoot = "";
			targets = (
				8D01CCC60486CAD60068D4B7 /* WebM Premiere */,
			);
		};
/* End PBXProject section */

/* Begin PBXReferenceProxy section */
		2A0C911B1C29FEB8006F4675 /* liblibvp10.a */ = {
			isa = PBXReferenceProxy;
			fileType = archive.ar;
			name = liblibvp10.a;
			path = build/Debug/liblibvp10.a;
			remoteRef = 2A0C911A1C29FEB8006F4675 /* PBXContainerItemProxy */;
			sourceTree = "<group>";
		};
		2A55331E176ADB3300BE5A72 /* libvpx.a */ = {
			isa = PBXReferenceProxy;
			fileType = archive.ar;
			path = libvpx.a;
			remoteRef = 2A55331D176ADB3300BE5A72 /* PBXContainerItemProxy */;
			sourceTree = BUILT_PRODUCTS_DIR;
		};
		2A553326176ADB3E00BE5A72 /* libogg.a */ = {
			isa = PBXReferenceProxy;
			fileType = archive.ar;
			path = libogg.a;
			remoteRef = 2A553325176ADB3E00BE5A72 /* PBXContainerItemProxy */;
			sourceTree = BUILT_PRODUCTS_DIR;
		};
		2A55332E176ADB4800BE5A72 /* libvorbis.a */ = {
			isa = PBXReferenceProxy;
			fileType = archive.ar;
			path = libvorbis.a;
			remoteRef = 2A55332D176ADB4800BE5A72 /* PBXContainerItemProxy */;
			sourceTree = BUILT_PRODUCTS_DIR;
		};
		2A6E91F417796854003B0F87 /* libwebm.a */ = {
			isa = PBXReferenceProxy;
			fileType = archive.ar;
			path = libwebm.a;
			remoteRef = 2A6E91F317796854003B0F87 /* PBXContainerItemProxy */;
			sourceTree = BUILT_PRODUCTS_DIR;
		};
		2A8BBBC5187BD302004EC034 /* libopus.a */ = {
			isa = PBXReferenceProxy;
			fileType = archive.ar;
			path = libopus.a;
			remoteRef = 2A8BBBC4187BD302004EC034 /* PBXContainerItemProxy */;
			sourceTree = BUILT_PRODUCTS_DIR;
		};
/* End PBXReferenceProxy section */

/* Begin PBXResourcesBuildPhase section */
		8D01CCC90486CAD60068D4B7 /* Resources */ = {
			isa = PBXResourcesBuildPhase;
			buildActionMask = 2147483647;
			files = (
				8D01CCCA0486CAD60068D4B7 /* InfoPlist.strings in Resources */,
			);
			runOnlyForDeploymentPostprocessing = 0;
		};
/* End PBXResourcesBuildPhase section */

/* Begin PBXRezBuildPhase section */
		11C3E51D0A9AA957003197F4 /* Rez */ = {
			isa = PBXRezBuildPhase;
			buildActionMask = 2147483647;
			files = (
				11C3E5200A9AA968003197F4 /* WebM_Premiere_Import_PiPL.r in Rez */,
			);
			runOnlyForDeploymentPostprocessing = 0;
		};
/* End PBXRezBuildPhase section */

/* Begin PBXSourcesBuildPhase section */
		8D01CCCB0486CAD60068D4B7 /* Sources */ = {
			isa = PBXSourcesBuildPhase;
			buildActionMask = 2147483647;
			files = (
				2A58AED9176CF23F00669435 /* WebM_Premiere_Export.cpp in Sources */,
				2A58AEDA176CF23F00669435 /* WebM_Premiere_Import.cpp in Sources */,
				2A06EF73177D75F100233616 /* WebM_Premiere_Export_Params.cpp in Sources */,
			);
			runOnlyForDeploymentPostprocessing = 0;
		};
/* End PBXSourcesBuildPhase section */

/* Begin PBXTargetDependency section */
		2A0C91451C2A005C006F4675 /* PBXTargetDependency */ = {
			isa = PBXTargetDependency;
			name = libvp10;
			targetProxy = 2A0C91441C2A005C006F4675 /* PBXContainerItemProxy */;
		};
		2A553333176ADB5600BE5A72 /* PBXTargetDependency */ = {
			isa = PBXTargetDependency;
			name = libvorbis;
			targetProxy = 2A553332176ADB5600BE5A72 /* PBXContainerItemProxy */;
		};
		2A553335176ADB5600BE5A72 /* PBXTargetDependency */ = {
			isa = PBXTargetDependency;
			name = libvpx;
			targetProxy = 2A553334176ADB5600BE5A72 /* PBXContainerItemProxy */;
		};
		2A553337176ADB5600BE5A72 /* PBXTargetDependency */ = {
			isa = PBXTargetDependency;
			name = libogg;
			targetProxy = 2A553336176ADB5600BE5A72 /* PBXContainerItemProxy */;
		};
		2A6E91F917796863003B0F87 /* PBXTargetDependency */ = {
			isa = PBXTargetDependency;
			name = libwebm;
			targetProxy = 2A6E91F817796863003B0F87 /* PBXContainerItemProxy */;
		};
		2A8BBBCA187BD312004EC034 /* PBXTargetDependency */ = {
			isa = PBXTargetDependency;
			name = opus;
			targetProxy = 2A8BBBC9187BD312004EC034 /* PBXContainerItemProxy */;
		};
/* End PBXTargetDependency section */

/* Begin PBXVariantGroup section */
		089C167DFE841241C02AAC07 /* InfoPlist.strings */ = {
			isa = PBXVariantGroup;
			children = (
				089C167EFE841241C02AAC07 /* English */,
			);
			name = InfoPlist.strings;
			sourceTree = "<group>";
		};
/* End PBXVariantGroup section */

/* Begin XCBuildConfiguration section */
		4FADC23408B4156C00ABE55E /* Debug */ = {
			isa = XCBuildConfiguration;
			buildSettings = {
				COPY_PHASE_STRIP = NO;
				GCC_DYNAMIC_NO_PIC = NO;
				GCC_ENABLE_FIX_AND_CONTINUE = YES;
				GCC_MODEL_TUNING = G5;
				GCC_OPTIMIZATION_LEVEL = 0;
				GCC_PRECOMPILE_PREFIX_HEADER = YES;
				GCC_PREFIX_HEADER = WebM_Premiere_Prefix.pch;
				INFOPLIST_FILE = WebM_Premiere_Info.plist;
				INSTALL_PATH = "$(HOME)/Library/Bundles";
				PRODUCT_NAME = "WebM Premiere";
				WRAPPER_EXTENSION = bundle;
				ZERO_LINK = YES;
			};
			name = Debug;
		};
		4FADC23508B4156C00ABE55E /* Release */ = {
			isa = XCBuildConfiguration;
			buildSettings = {
				GCC_GENERATE_DEBUGGING_SYMBOLS = NO;
				GCC_MODEL_TUNING = G5;
				GCC_PRECOMPILE_PREFIX_HEADER = YES;
				GCC_PREFIX_HEADER = WebM_Premiere_Prefix.pch;
				INFOPLIST_FILE = WebM_Premiere_Info.plist;
				INSTALL_PATH = "$(HOME)/Library/Bundles";
				PRODUCT_NAME = "WebM Premiere";
				WRAPPER_EXTENSION = bundle;
			};
			name = Release;
		};
		4FADC23808B4156C00ABE55E /* Debug */ = {
			isa = XCBuildConfiguration;
			buildSettings = {
				ARCHS = "$(ARCHS_STANDARD_64_BIT_PRE_XCODE_3_1)";
				ARCHS_STANDARD_32_64_BIT_PRE_XCODE_3_1 = "i386 x86_64";
				ARCHS_STANDARD_64_BIT_PRE_XCODE_3_1 = x86_64;
				GCC_WARN_ABOUT_RETURN_TYPE = YES;
				GCC_WARN_UNUSED_VARIABLE = YES;
				HEADER_SEARCH_PATHS = (
					"$(PREMIERE_SDK)/Examples/Headers",
					"$(PREMIERE_SDK)/Examples/Utils",
					../../ext/libwebm,
					../../ext/libvpx,
					./ext/libvpx_config,
					../../ext/libogg/include,
					../../ext/libvorbis/include,
					../../ext/libvorbis/lib,
					../../ext/opus/include,
				);
				PREBINDING = NO;
				PREMIERE_SDK = "\"../../ext/Premiere Pro CS5 Mac SDK\"";
				SDKROOT = /Developer/SDKs/MacOSX10.5.sdk;
			};
			name = Debug;
		};
		4FADC23908B4156C00ABE55E /* Release */ = {
			isa = XCBuildConfiguration;
			buildSettings = {
				ARCHS = "$(ARCHS_STANDARD_64_BIT_PRE_XCODE_3_1)";
				ARCHS_STANDARD_32_64_BIT_PRE_XCODE_3_1 = "i386 x86_64";
				ARCHS_STANDARD_64_BIT_PRE_XCODE_3_1 = x86_64;
				GCC_PREPROCESSOR_DEFINITIONS = NDEBUG;
				GCC_WARN_ABOUT_RETURN_TYPE = YES;
				GCC_WARN_UNUSED_VARIABLE = YES;
				HEADER_SEARCH_PATHS = (
					"$(PREMIERE_SDK)/Examples/Headers",
					"$(PREMIERE_SDK)/Examples/Utils",
					../../ext/libwebm,
					../../ext/libvpx,
					./ext/libvpx_config,
					../../ext/libogg/include,
					../../ext/libvorbis/include,
					../../ext/libvorbis/lib,
					../../ext/opus/include,
				);
				PREBINDING = NO;
				PREMIERE_SDK = "\"../../ext/Premiere Pro CS5 Mac SDK\"";
				SDKROOT = /Developer/SDKs/MacOSX10.5.sdk;
			};
			name = Release;
		};
/* End XCBuildConfiguration section */

/* Begin XCConfigurationList section */
		4FADC23308B4156C00ABE55E /* Build configuration list for PBXNativeTarget "WebM Premiere" */ = {
			isa = XCConfigurationList;
			buildConfigurations = (
				4FADC23408B4156C00ABE55E /* Debug */,
				4FADC23508B4156C00ABE55E /* Release */,
			);
			defaultConfigurationIsVisible = 0;
			defaultConfigurationName = Release;
		};
		4FADC23708B4156C00ABE55E /* Build configuration list for PBXProject "WebM_Premiere" */ = {
			isa = XCConfigurationList;
			buildConfigurations = (
				4FADC23808B4156C00ABE55E /* Debug */,
				4FADC23908B4156C00ABE55E /* Release */,
			);
			defaultConfigurationIsVisible = 0;
			defaultConfigurationName = Release;
		};
/* End XCConfigurationList section */
	};
	rootObject = 089C1669FE841209C02AAC07 /* Project object */;
}
